// !$*UTF8*$!
{
	archiveVersion = 1;
	classes = {
	};
	objectVersion = 77;
	objects = {

/* Begin PBXContainerItemProxy section */
		A91788952E0F004A0094EC0D /* PBXContainerItemProxy */ = {
			isa = PBXContainerItemProxy;
			containerPortal = A917887F2E0F00480094EC0D /* Project object */;
			proxyType = 1;
			remoteGlobalIDString = A91788862E0F00480094EC0D;
			remoteInfo = WarpingGridEffect;
		};
		A917889F2E0F004A0094EC0D /* PBXContainerItemProxy */ = {
			isa = PBXContainerItemProxy;
			containerPortal = A917887F2E0F00480094EC0D /* Project object */;
			proxyType = 1;
			remoteGlobalIDString = A91788862E0F00480094EC0D;
			remoteInfo = WarpingGridEffect;
		};
/* End PBXContainerItemProxy section */

/* Begin PBXFileReference section */
		A91788872E0F00480094EC0D /* WarpingGridEffect.app */ = {isa = PBXFileReference; explicitFileType = wrapper.application; includeInIndex = 0; path = WarpingGridEffect.app; sourceTree = BUILT_PRODUCTS_DIR; };
		A91788942E0F004A0094EC0D /* WarpingGridEffectTests.xctest */ = {isa = PBXFileReference; explicitFileType = wrapper.cfbundle; includeInIndex = 0; path = WarpingGridEffectTests.xctest; sourceTree = BUILT_PRODUCTS_DIR; };
		A917889E2E0F004A0094EC0D /* WarpingGridEffectUITests.xctest */ = {isa = PBXFileReference; explicitFileType = wrapper.cfbundle; includeInIndex = 0; path = WarpingGridEffectUITests.xctest; sourceTree = BUILT_PRODUCTS_DIR; };
/* End PBXFileReference section */

/* Begin PBXFileSystemSynchronizedRootGroup section */
		A91788892E0F00480094EC0D /* WarpingGridEffect */ = {
			isa = PBXFileSystemSynchronizedRootGroup;
			path = WarpingGridEffect;
			sourceTree = "<group>";
		};
		A91788972E0F004A0094EC0D /* WarpingGridEffectTests */ = {
			isa = PBXFileSystemSynchronizedRootGroup;
			path = WarpingGridEffectTests;
			sourceTree = "<group>";
		};
		A91788A12E0F004A0094EC0D /* WarpingGridEffectUITests */ = {
			isa = PBXFileSystemSynchronizedRootGroup;
			path = WarpingGridEffectUITests;
			sourceTree = "<group>";
		};
/* End PBXFileSystemSynchronizedRootGroup section */

/* Begin PBXFrameworksBuildPhase section */
		A91788842E0F00480094EC0D /* Frameworks */ = {
			isa = PBXFrameworksBuildPhase;
			buildActionMask = 2147483647;
			files = (
			);
			runOnlyForDeploymentPostprocessing = 0;
		};
		A91788912E0F004A0094EC0D /* Frameworks */ = {
			isa = PBXFrameworksBuildPhase;
			buildActionMask = 2147483647;
			files = (
			);
			runOnlyForDeploymentPostprocessing = 0;
		};
		A917889B2E0F004A0094EC0D /* Frameworks */ = {
			isa = PBXFrameworksBuildPhase;
			buildActionMask = 2147483647;
			files = (
			);
			runOnlyForDeploymentPostprocessing = 0;
		};
/* End PBXFrameworksBuildPhase section */

/* Begin PBXGroup section */
		A917887E2E0F00480094EC0D = {
			isa = PBXGroup;
			children = (
				A91788892E0F00480094EC0D /* WarpingGridEffect */,
				A91788972E0F004A0094EC0D /* WarpingGridEffectTests */,
				A91788A12E0F004A0094EC0D /* WarpingGridEffectUITests */,
				A91788882E0F00480094EC0D /* Products */,
			);
			sourceTree = "<group>";
		};
		A91788882E0F00480094EC0D /* Products */ = {
			isa = PBXGroup;
			children = (
				A91788872E0F00480094EC0D /* WarpingGridEffect.app */,
				A91788942E0F004A0094EC0D /* WarpingGridEffectTests.xctest */,
				A917889E2E0F004A0094EC0D /* WarpingGridEffectUITests.xctest */,
			);
			name = Products;
			sourceTree = "<group>";
		};
/* End PBXGroup section */

/* Begin PBXNativeTarget section */
		A91788862E0F00480094EC0D /* WarpingGridEffect */ = {
			isa = PBXNativeTarget;
			buildConfigurationList = A91788A82E0F004A0094EC0D /* Build configuration list for PBXNativeTarget "WarpingGridEffect" */;
			buildPhases = (
				A91788832E0F00480094EC0D /* Sources */,
				A91788842E0F00480094EC0D /* Frameworks */,
				A91788852E0F00480094EC0D /* Resources */,
			);
			buildRules = (
			);
			dependencies = (
			);
			fileSystemSynchronizedGroups = (
				A91788892E0F00480094EC0D /* WarpingGridEffect */,
			);
			name = WarpingGridEffect;
			packageProductDependencies = (
			);
			productName = WarpingGridEffect;
			productReference = A91788872E0F00480094EC0D /* WarpingGridEffect.app */;
			productType = "com.apple.product-type.application";
		};
		A91788932E0F004A0094EC0D /* WarpingGridEffectTests */ = {
			isa = PBXNativeTarget;
			buildConfigurationList = A91788AB2E0F004A0094EC0D /* Build configuration list for PBXNativeTarget "WarpingGridEffectTests" */;
			buildPhases = (
				A91788902E0F004A0094EC0D /* Sources */,
				A91788912E0F004A0094EC0D /* Frameworks */,
				A91788922E0F004A0094EC0D /* Resources */,
			);
			buildRules = (
			);
			dependencies = (
				A91788962E0F004A0094EC0D /* PBXTargetDependency */,
			);
			fileSystemSynchronizedGroups = (
				A91788972E0F004A0094EC0D /* WarpingGridEffectTests */,
			);
			name = WarpingGridEffectTests;
			packageProductDependencies = (
			);
			productName = WarpingGridEffectTests;
			productReference = A91788942E0F004A0094EC0D /* WarpingGridEffectTests.xctest */;
			productType = "com.apple.product-type.bundle.unit-test";
		};
		A917889D2E0F004A0094EC0D /* WarpingGridEffectUITests */ = {
			isa = PBXNativeTarget;
			buildConfigurationList = A91788AE2E0F004A0094EC0D /* Build configuration list for PBXNativeTarget "WarpingGridEffectUITests" */;
			buildPhases = (
				A917889A2E0F004A0094EC0D /* Sources */,
				A917889B2E0F004A0094EC0D /* Frameworks */,
				A917889C2E0F004A0094EC0D /* Resources */,
			);
			buildRules = (
			);
			dependencies = (
				A91788A02E0F004A0094EC0D /* PBXTargetDependency */,
			);
			fileSystemSynchronizedGroups = (
				A91788A12E0F004A0094EC0D /* WarpingGridEffectUITests */,
			);
			name = WarpingGridEffectUITests;
			packageProductDependencies = (
			);
			productName = WarpingGridEffectUITests;
			productReference = A917889E2E0F004A0094EC0D /* WarpingGridEffectUITests.xctest */;
			productType = "com.apple.product-type.bundle.ui-testing";
		};
/* End PBXNativeTarget section */

/* Begin PBXProject section */
		A917887F2E0F00480094EC0D /* Project object */ = {
			isa = PBXProject;
			attributes = {
				BuildIndependentTargetsInParallel = 1;
				LastSwiftUpdateCheck = 2600;
				LastUpgradeCheck = 2600;
				TargetAttributes = {
					A91788862E0F00480094EC0D = {
						CreatedOnToolsVersion = 26.0;
					};
					A91788932E0F004A0094EC0D = {
						CreatedOnToolsVersion = 26.0;
						TestTargetID = A91788862E0F00480094EC0D;
					};
					A917889D2E0F004A0094EC0D = {
						CreatedOnToolsVersion = 26.0;
						TestTargetID = A91788862E0F00480094EC0D;
					};
				};
			};
			buildConfigurationList = A91788822E0F00480094EC0D /* Build configuration list for PBXProject "WarpingGridEffect" */;
			developmentRegion = en;
			hasScannedForEncodings = 0;
			knownRegions = (
				en,
				Base,
			);
			mainGroup = A917887E2E0F00480094EC0D;
			minimizedProjectReferenceProxies = 1;
			preferredProjectObjectVersion = 77;
			productRefGroup = A91788882E0F00480094EC0D /* Products */;
			projectDirPath = "";
			projectRoot = "";
			targets = (
				A91788862E0F00480094EC0D /* WarpingGridEffect */,
				A91788932E0F004A0094EC0D /* WarpingGridEffectTests */,
				A917889D2E0F004A0094EC0D /* WarpingGridEffectUITests */,
			);
		};
/* End PBXProject section */

/* Begin PBXResourcesBuildPhase section */
		A91788852E0F00480094EC0D /* Resources */ = {
			isa = PBXResourcesBuildPhase;
			buildActionMask = 2147483647;
			files = (
			);
			runOnlyForDeploymentPostprocessing = 0;
		};
		A91788922E0F004A0094EC0D /* Resources */ = {
			isa = PBXResourcesBuildPhase;
			buildActionMask = 2147483647;
			files = (
			);
			runOnlyForDeploymentPostprocessing = 0;
		};
		A917889C2E0F004A0094EC0D /* Resources */ = {
			isa = PBXResourcesBuildPhase;
			buildActionMask = 2147483647;
			files = (
			);
			runOnlyForDeploymentPostprocessing = 0;
		};
/* End PBXResourcesBuildPhase section */

/* Begin PBXSourcesBuildPhase section */
		A91788832E0F00480094EC0D /* Sources */ = {
			isa = PBXSourcesBuildPhase;
			buildActionMask = 2147483647;
			files = (
			);
			runOnlyForDeploymentPostprocessing = 0;
		};
		A91788902E0F004A0094EC0D /* Sources */ = {
			isa = PBXSourcesBuildPhase;
			buildActionMask = 2147483647;
			files = (
			);
			runOnlyForDeploymentPostprocessing = 0;
		};
		A917889A2E0F004A0094EC0D /* Sources */ = {
			isa = PBXSourcesBuildPhase;
			buildActionMask = 2147483647;
			files = (
			);
			runOnlyForDeploymentPostprocessing = 0;
		};
/* End PBXSourcesBuildPhase section */

/* Begin PBXTargetDependency section */
		A91788962E0F004A0094EC0D /* PBXTargetDependency */ = {
			isa = PBXTargetDependency;
			target = A91788862E0F00480094EC0D /* WarpingGridEffect */;
			targetProxy = A91788952E0F004A0094EC0D /* PBXContainerItemProxy */;
		};
		A91788A02E0F004A0094EC0D /* PBXTargetDependency */ = {
			isa = PBXTargetDependency;
			target = A91788862E0F00480094EC0D /* WarpingGridEffect */;
			targetProxy = A917889F2E0F004A0094EC0D /* PBXContainerItemProxy */;
		};
/* End PBXTargetDependency section */

/* Begin XCBuildConfiguration section */
		A91788A62E0F004A0094EC0D /* Debug */ = {
			isa = XCBuildConfiguration;
			buildSettings = {
				ALWAYS_SEARCH_USER_PATHS = NO;
				ASSETCATALOG_COMPILER_GENERATE_SWIFT_ASSET_SYMBOL_EXTENSIONS = YES;
				CLANG_ANALYZER_NONNULL = YES;
				CLANG_ANALYZER_NUMBER_OBJECT_CONVERSION = YES_AGGRESSIVE;
				CLANG_CXX_LANGUAGE_STANDARD = "gnu++20";
				CLANG_ENABLE_MODULES = YES;
				CLANG_ENABLE_OBJC_ARC = YES;
				CLANG_ENABLE_OBJC_WEAK = YES;
				CLANG_WARN_BLOCK_CAPTURE_AUTORELEASING = YES;
				CLANG_WARN_BOOL_CONVERSION = YES;
				CLANG_WARN_COMMA = YES;
				CLANG_WARN_CONSTANT_CONVERSION = YES;
				CLANG_WARN_DEPRECATED_OBJC_IMPLEMENTATIONS = YES;
				CLANG_WARN_DIRECT_OBJC_ISA_USAGE = YES_ERROR;
				CLANG_WARN_DOCUMENTATION_COMMENTS = YES;
				CLANG_WARN_EMPTY_BODY = YES;
				CLANG_WARN_ENUM_CONVERSION = YES;
				CLANG_WARN_INFINITE_RECURSION = YES;
				CLANG_WARN_INT_CONVERSION = YES;
				CLANG_WARN_NON_LITERAL_NULL_CONVERSION = YES;
				CLANG_WARN_OBJC_IMPLICIT_RETAIN_SELF = YES;
				CLANG_WARN_OBJC_LITERAL_CONVERSION = YES;
				CLANG_WARN_OBJC_ROOT_CLASS = YES_ERROR;
				CLANG_WARN_QUOTED_INCLUDE_IN_FRAMEWORK_HEADER = YES;
				CLANG_WARN_RANGE_LOOP_ANALYSIS = YES;
				CLANG_WARN_STRICT_PROTOTYPES = YES;
				CLANG_WARN_SUSPICIOUS_MOVE = YES;
				CLANG_WARN_UNGUARDED_AVAILABILITY = YES_AGGRESSIVE;
				CLANG_WARN_UNREACHABLE_CODE = YES;
				CLANG_WARN__DUPLICATE_METHOD_MATCH = YES;
				COPY_PHASE_STRIP = NO;
				DEBUG_INFORMATION_FORMAT = dwarf;
				ENABLE_STRICT_OBJC_MSGSEND = YES;
				ENABLE_TESTABILITY = YES;
				ENABLE_USER_SCRIPT_SANDBOXING = YES;
				GCC_C_LANGUAGE_STANDARD = gnu17;
				GCC_DYNAMIC_NO_PIC = NO;
				GCC_NO_COMMON_BLOCKS = YES;
				GCC_OPTIMIZATION_LEVEL = 0;
				GCC_PREPROCESSOR_DEFINITIONS = (
					"DEBUG=1",
					"$(inherited)",
				);
				GCC_WARN_64_TO_32_BIT_CONVERSION = YES;
				GCC_WARN_ABOUT_RETURN_TYPE = YES_ERROR;
				GCC_WARN_UNDECLARED_SELECTOR = YES;
				GCC_WARN_UNINITIALIZED_AUTOS = YES_AGGRESSIVE;
				GCC_WARN_UNUSED_FUNCTION = YES;
				GCC_WARN_UNUSED_VARIABLE = YES;
				IPHONEOS_DEPLOYMENT_TARGET = 26.0;
				LOCALIZATION_PREFERS_STRING_CATALOGS = YES;
				MTL_ENABLE_DEBUG_INFO = INCLUDE_SOURCE;
				MTL_FAST_MATH = YES;
				ONLY_ACTIVE_ARCH = YES;
				SDKROOT = iphoneos;
				SWIFT_ACTIVE_COMPILATION_CONDITIONS = "DEBUG $(inherited)";
				SWIFT_OPTIMIZATION_LEVEL = "-Onone";
			};
			name = Debug;
		};
		A91788A72E0F004A0094EC0D /* Release */ = {
			isa = XCBuildConfiguration;
			buildSettings = {
				ALWAYS_SEARCH_USER_PATHS = NO;
				ASSETCATALOG_COMPILER_GENERATE_SWIFT_ASSET_SYMBOL_EXTENSIONS = YES;
				CLANG_ANALYZER_NONNULL = YES;
				CLANG_ANALYZER_NUMBER_OBJECT_CONVERSION = YES_AGGRESSIVE;
				CLANG_CXX_LANGUAGE_STANDARD = "gnu++20";
				CLANG_ENABLE_MODULES = YES;
				CLANG_ENABLE_OBJC_ARC = YES;
				CLANG_ENABLE_OBJC_WEAK = YES;
				CLANG_WARN_BLOCK_CAPTURE_AUTORELEASING = YES;
				CLANG_WARN_BOOL_CONVERSION = YES;
				CLANG_WARN_COMMA = YES;
				CLANG_WARN_CONSTANT_CONVERSION = YES;
				CLANG_WARN_DEPRECATED_OBJC_IMPLEMENTATIONS = YES;
				CLANG_WARN_DIRECT_OBJC_ISA_USAGE = YES_ERROR;
				CLANG_WARN_DOCUMENTATION_COMMENTS = YES;
				CLANG_WARN_EMPTY_BODY = YES;
				CLANG_WARN_ENUM_CONVERSION = YES;
				CLANG_WARN_INFINITE_RECURSION = YES;
				CLANG_WARN_INT_CONVERSION = YES;
				CLANG_WARN_NON_LITERAL_NULL_CONVERSION = YES;
				CLANG_WARN_OBJC_IMPLICIT_RETAIN_SELF = YES;
				CLANG_WARN_OBJC_LITERAL_CONVERSION = YES;
				CLANG_WARN_OBJC_ROOT_CLASS = YES_ERROR;
				CLANG_WARN_QUOTED_INCLUDE_IN_FRAMEWORK_HEADER = YES;
				CLANG_WARN_RANGE_LOOP_ANALYSIS = YES;
				CLANG_WARN_STRICT_PROTOTYPES = YES;
				CLANG_WARN_SUSPICIOUS_MOVE = YES;
				CLANG_WARN_UNGUARDED_AVAILABILITY = YES_AGGRESSIVE;
				CLANG_WARN_UNREACHABLE_CODE = YES;
				CLANG_WARN__DUPLICATE_METHOD_MATCH = YES;
				COPY_PHASE_STRIP = NO;
				DEBUG_INFORMATION_FORMAT = "dwarf-with-dsym";
				ENABLE_NS_ASSERTIONS = NO;
				ENABLE_STRICT_OBJC_MSGSEND = YES;
				ENABLE_USER_SCRIPT_SANDBOXING = YES;
				GCC_C_LANGUAGE_STANDARD = gnu17;
				GCC_NO_COMMON_BLOCKS = YES;
				GCC_WARN_64_TO_32_BIT_CONVERSION = YES;
				GCC_WARN_ABOUT_RETURN_TYPE = YES_ERROR;
				GCC_WARN_UNDECLARED_SELECTOR = YES;
				GCC_WARN_UNINITIALIZED_AUTOS = YES_AGGRESSIVE;
				GCC_WARN_UNUSED_FUNCTION = YES;
				GCC_WARN_UNUSED_VARIABLE = YES;
				IPHONEOS_DEPLOYMENT_TARGET = 26.0;
				LOCALIZATION_PREFERS_STRING_CATALOGS = YES;
				MTL_ENABLE_DEBUG_INFO = NO;
				MTL_FAST_MATH = YES;
				SDKROOT = iphoneos;
				SWIFT_COMPILATION_MODE = wholemodule;
				VALIDATE_PRODUCT = YES;
			};
			name = Release;
		};
		A91788A92E0F004A0094EC0D /* Debug */ = {
			isa = XCBuildConfiguration;
			buildSettings = {
				ASSETCATALOG_COMPILER_APPICON_NAME = AppIcon;
				ASSETCATALOG_COMPILER_GLOBAL_ACCENT_COLOR_NAME = AccentColor;
				CODE_SIGN_STYLE = Automatic;
				CURRENT_PROJECT_VERSION = 1;
				ENABLE_PREVIEWS = YES;
				GENERATE_INFOPLIST_FILE = YES;
				INFOPLIST_KEY_UIApplicationSceneManifest_Generation = YES;
				INFOPLIST_KEY_UIApplicationSupportsIndirectInputEvents = YES;
				INFOPLIST_KEY_UILaunchScreen_Generation = YES;
				INFOPLIST_KEY_UISupportedInterfaceOrientations_iPad = "UIInterfaceOrientationPortrait UIInterfaceOrientationPortraitUpsideDown UIInterfaceOrientationLandscapeLeft UIInterfaceOrientationLandscapeRight";
				INFOPLIST_KEY_UISupportedInterfaceOrientations_iPhone = "UIInterfaceOrientationPortrait UIInterfaceOrientationLandscapeLeft UIInterfaceOrientationLandscapeRight";
				LD_RUNPATH_SEARCH_PATHS = (
					"$(inherited)",
					"@executable_path/Frameworks",
				);
				MARKETING_VERSION = 1.0;
				PRODUCT_BUNDLE_IDENTIFIER = com.aps.WarpingGridEffect;
				PRODUCT_NAME = "$(TARGET_NAME)";
				STRING_CATALOG_GENERATE_SYMBOLS = YES;
				SWIFT_DEFAULT_ACTOR_ISOLATION = MainActor;
				SWIFT_EMIT_LOC_STRINGS = YES;
				SWIFT_UPCOMING_FEATURE_MEMBER_IMPORT_VISIBILITY = YES;
				SWIFT_VERSION = 5.0;
				TARGETED_DEVICE_FAMILY = "1,2";
			};
			name = Debug;
		};
		A91788AA2E0F004A0094EC0D /* Release */ = {
			isa = XCBuildConfiguration;
			buildSettings = {
				ASSETCATALOG_COMPILER_APPICON_NAME = AppIcon;
				ASSETCATALOG_COMPILER_GLOBAL_ACCENT_COLOR_NAME = AccentColor;
				CODE_SIGN_STYLE = Automatic;
				CURRENT_PROJECT_VERSION = 1;
				ENABLE_PREVIEWS = YES;
				GENERATE_INFOPLIST_FILE = YES;
				INFOPLIST_KEY_UIApplicationSceneManifest_Generation = YES;
				INFOPLIST_KEY_UIApplicationSupportsIndirectInputEvents = YES;
				INFOPLIST_KEY_UILaunchScreen_Generation = YES;
				INFOPLIST_KEY_UISupportedInterfaceOrientations_iPad = "UIInterfaceOrientationPortrait UIInterfaceOrientationPortraitUpsideDown UIInterfaceOrientationLandscapeLeft UIInterfaceOrientationLandscapeRight";
				INFOPLIST_KEY_UISupportedInterfaceOrientations_iPhone = "UIInterfaceOrientationPortrait UIInterfaceOrientationLandscapeLeft UIInterfaceOrientationLandscapeRight";
				LD_RUNPATH_SEARCH_PATHS = (
					"$(inherited)",
					"@executable_path/Frameworks",
				);
				MARKETING_VERSION = 1.0;
				PRODUCT_BUNDLE_IDENTIFIER = com.aps.WarpingGridEffect;
				PRODUCT_NAME = "$(TARGET_NAME)";
				STRING_CATALOG_GENERATE_SYMBOLS = YES;
				SWIFT_DEFAULT_ACTOR_ISOLATION = MainActor;
				SWIFT_EMIT_LOC_STRINGS = YES;
				SWIFT_UPCOMING_FEATURE_MEMBER_IMPORT_VISIBILITY = YES;
				SWIFT_VERSION = 5.0;
				TARGETED_DEVICE_FAMILY = "1,2";
			};
			name = Release;
		};
		A91788AC2E0F004A0094EC0D /* Debug */ = {
			isa = XCBuildConfiguration;
			buildSettings = {
				BUNDLE_LOADER = "$(TEST_HOST)";
				CODE_SIGN_STYLE = Automatic;
				CURRENT_PROJECT_VERSION = 1;
				GENERATE_INFOPLIST_FILE = YES;
				IPHONEOS_DEPLOYMENT_TARGET = 26.0;
				MARKETING_VERSION = 1.0;
				PRODUCT_BUNDLE_IDENTIFIER = com.aps.WarpingGridEffectTests;
				PRODUCT_NAME = "$(TARGET_NAME)";
				STRING_CATALOG_GENERATE_SYMBOLS = NO;
				SWIFT_EMIT_LOC_STRINGS = NO;
				SWIFT_UPCOMING_FEATURE_MEMBER_IMPORT_VISIBILITY = YES;
				SWIFT_VERSION = 5.0;
				TARGETED_DEVICE_FAMILY = "1,2";
				TEST_HOST = "$(BUILT_PRODUCTS_DIR)/WarpingGridEffect.app/$(BUNDLE_EXECUTABLE_FOLDER_PATH)/WarpingGridEffect";
			};
			name = Debug;
		};
		A91788AD2E0F004A0094EC0D /* Release */ = {
			isa = XCBuildConfiguration;
			buildSettings = {
				BUNDLE_LOADER = "$(TEST_HOST)";
				CODE_SIGN_STYLE = Automatic;
				CURRENT_PROJECT_VERSION = 1;
				GENERATE_INFOPLIST_FILE = YES;
				IPHONEOS_DEPLOYMENT_TARGET = 26.0;
				MARKETING_VERSION = 1.0;
				PRODUCT_BUNDLE_IDENTIFIER = com.aps.WarpingGridEffectTests;
				PRODUCT_NAME = "$(TARGET_NAME)";
				STRING_CATALOG_GENERATE_SYMBOLS = NO;
				SWIFT_EMIT_LOC_STRINGS = NO;
				SWIFT_UPCOMING_FEATURE_MEMBER_IMPORT_VISIBILITY = YES;
				SWIFT_VERSION = 5.0;
				TARGETED_DEVICE_FAMILY = "1,2";
				TEST_HOST = "$(BUILT_PRODUCTS_DIR)/WarpingGridEffect.app/$(BUNDLE_EXECUTABLE_FOLDER_PATH)/WarpingGridEffect";
			};
			name = Release;
		};
		A91788AF2E0F004A0094EC0D /* Debug */ = {
			isa = XCBuildConfiguration;
			buildSettings = {
				CODE_SIGN_STYLE = Automatic;
				CURRENT_PROJECT_VERSION = 1;
				GENERATE_INFOPLIST_FILE = YES;
				MARKETING_VERSION = 1.0;
				PRODUCT_BUNDLE_IDENTIFIER = com.aps.WarpingGridEffectUITests;
				PRODUCT_NAME = "$(TARGET_NAME)";
				STRING_CATALOG_GENERATE_SYMBOLS = NO;
				SWIFT_EMIT_LOC_STRINGS = NO;
				SWIFT_UPCOMING_FEATURE_MEMBER_IMPORT_VISIBILITY = YES;
				SWIFT_VERSION = 5.0;
				TARGETED_DEVICE_FAMILY = "1,2";
				TEST_TARGET_NAME = WarpingGridEffect;
			};
			name = Debug;
		};
		A91788B02E0F004A0094EC0D /* Release */ = {
			isa = XCBuildConfiguration;
			buildSettings = {
				CODE_SIGN_STYLE = Automatic;
				CURRENT_PROJECT_VERSION = 1;
				GENERATE_INFOPLIST_FILE = YES;
				MARKETING_VERSION = 1.0;
				PRODUCT_BUNDLE_IDENTIFIER = com.aps.WarpingGridEffectUITests;
				PRODUCT_NAME = "$(TARGET_NAME)";
				STRING_CATALOG_GENERATE_SYMBOLS = NO;
				SWIFT_EMIT_LOC_STRINGS = NO;
				SWIFT_UPCOMING_FEATURE_MEMBER_IMPORT_VISIBILITY = YES;
				SWIFT_VERSION = 5.0;
				TARGETED_DEVICE_FAMILY = "1,2";
				TEST_TARGET_NAME = WarpingGridEffect;
			};
			name = Release;
		};
/* End XCBuildConfiguration section */

/* Begin XCConfigurationList section */
		A91788822E0F00480094EC0D /* Build configuration list for PBXProject "WarpingGridEffect" */ = {
			isa = XCConfigurationList;
			buildConfigurations = (
				A91788A62E0F004A0094EC0D /* Debug */,
				A91788A72E0F004A0094EC0D /* Release */,
			);
			defaultConfigurationIsVisible = 0;
			defaultConfigurationName = Release;
		};
		A91788A82E0F004A0094EC0D /* Build configuration list for PBXNativeTarget "WarpingGridEffect" */ = {
			isa = XCConfigurationList;
			buildConfigurations = (
				A91788A92E0F004A0094EC0D /* Debug */,
				A91788AA2E0F004A0094EC0D /* Release */,
			);
			defaultConfigurationIsVisible = 0;
			defaultConfigurationName = Release;
		};
		A91788AB2E0F004A0094EC0D /* Build configuration list for PBXNativeTarget "WarpingGridEffectTests" */ = {
			isa = XCConfigurationList;
			buildConfigurations = (
				A91788AC2E0F004A0094EC0D /* Debug */,
				A91788AD2E0F004A0094EC0D /* Release */,
			);
			defaultConfigurationIsVisible = 0;
			defaultConfigurationName = Release;
		};
		A91788AE2E0F004A0094EC0D /* Build configuration list for PBXNativeTarget "WarpingGridEffectUITests" */ = {
			isa = XCConfigurationList;
			buildConfigurations = (
				A91788AF2E0F004A0094EC0D /* Debug */,
				A91788B02E0F004A0094EC0D /* Release */,
			);
			defaultConfigurationIsVisible = 0;
			defaultConfigurationName = Release;
		};
/* End XCConfigurationList section */
	};
	rootObject = A917887F2E0F00480094EC0D /* Project object */;
}
